<?xml version="1.0" encoding="utf-8"?>
<Project ToolsVersion="4.0" xmlns="http://schemas.microsoft.com/developer/msbuild/2003">
  <ItemGroup>
    <Filter Include="Ori">
      <UniqueIdentifier>{0F12880B-7B1B-887C-0497-9E7C709F937C}</UniqueIdentifier>
    </Filter>
  </ItemGroup>
  <ItemGroup>
    <ClInclude Include="src\Ori.h" />
    <ClInclude Include="src\Ori\Application.h">
      <Filter>Ori</Filter>
    </ClInclude>
    <ClInclude Include="src\Ori\Core.h">
      <Filter>Ori</Filter>
    </ClInclude>
    <ClInclude Include="src\Ori\EntryPoint.h">
      <Filter>Ori</Filter>
    </ClInclude>
    <ClInclude Include="src\Ori\Log.h">
      <Filter>Ori</Filter>
    </ClInclude>
  </ItemGroup>
  <ItemGroup>
    <ClCompile Include="src\Ori\Application.cpp">
      <Filter>Ori</Filter>
    </ClCompile>
    <ClCompile Include="src\Ori\Log.cpp">
      <Filter>Ori</Filter>
    </ClCompile>
  </ItemGroup>
</Project>